// !$*UTF8*$!
{
	archiveVersion = 1;
	classes = {
	};
	objectVersion = 46;
	objects = {

/* Begin PBXBuildFile section */
		AE9BC40E1D15E0BB00392254 /* AppDelegate.swift in Sources */ = {isa = PBXBuildFile; fileRef = AE9BC40D1D15E0BB00392254 /* AppDelegate.swift */; };
		AE9BC4101D15E0BB00392254 /* ViewController.swift in Sources */ = {isa = PBXBuildFile; fileRef = AE9BC40F1D15E0BB00392254 /* ViewController.swift */; };
		AE9BC4121D15E0BB00392254 /* Assets.xcassets in Resources */ = {isa = PBXBuildFile; fileRef = AE9BC4111D15E0BB00392254 /* Assets.xcassets */; };
		AE9BC4151D15E0BB00392254 /* Main.storyboard in Resources */ = {isa = PBXBuildFile; fileRef = AE9BC4131D15E0BB00392254 /* Main.storyboard */; };
		AE9BC4231D15E0D700392254 /* Cocoa.framework in Frameworks */ = {isa = PBXBuildFile; fileRef = AE9BC4221D15E0D700392254 /* Cocoa.framework */; };
		AE9BC4281D15E0D700392254 /* SourceEditorExtension.swift in Sources */ = {isa = PBXBuildFile; fileRef = AE9BC4271D15E0D700392254 /* SourceEditorExtension.swift */; };
		AE9BC42A1D15E0D700392254 /* SourceEditorCommand.swift in Sources */ = {isa = PBXBuildFile; fileRef = AE9BC4291D15E0D700392254 /* SourceEditorCommand.swift */; };
		AE9BC42E1D15E0D700392254 /* Clean Closure.appex in Embed App Extensions */ = {isa = PBXBuildFile; fileRef = AE9BC4201D15E0D700392254 /* Clean Closure.appex */; settings = {ATTRIBUTES = (RemoveHeadersOnCopy, ); }; };
/* End PBXBuildFile section */

/* Begin PBXContainerItemProxy section */
		AE9BC42C1D15E0D700392254 /* PBXContainerItemProxy */ = {
			isa = PBXContainerItemProxy;
			containerPortal = AE9BC4021D15E0BB00392254 /* Project object */;
			proxyType = 1;
			remoteGlobalIDString = AE9BC41F1D15E0D700392254;
			remoteInfo = CleanClosure;
		};
/* End PBXContainerItemProxy section */

/* Begin PBXCopyFilesBuildPhase section */
		AE9BC4321D15E0D700392254 /* Embed App Extensions */ = {
			isa = PBXCopyFilesBuildPhase;
			buildActionMask = 2147483647;
			dstPath = "";
			dstSubfolderSpec = 13;
			files = (
				AE9BC42E1D15E0D700392254 /* Clean Closure.appex in Embed App Extensions */,
			);
			name = "Embed App Extensions";
			runOnlyForDeploymentPostprocessing = 0;
		};
/* End PBXCopyFilesBuildPhase section */

/* Begin PBXFileReference section */
		AE9BC40A1D15E0BB00392254 /* Demo.app */ = {isa = PBXFileReference; explicitFileType = wrapper.application; includeInIndex = 0; name = Demo.app; path = CleanClosure.app; sourceTree = BUILT_PRODUCTS_DIR; };
		AE9BC40D1D15E0BB00392254 /* AppDelegate.swift */ = {isa = PBXFileReference; lastKnownFileType = sourcecode.swift; path = AppDelegate.swift; sourceTree = "<group>"; };
		AE9BC40F1D15E0BB00392254 /* ViewController.swift */ = {isa = PBXFileReference; lastKnownFileType = sourcecode.swift; path = ViewController.swift; sourceTree = "<group>"; };
		AE9BC4111D15E0BB00392254 /* Assets.xcassets */ = {isa = PBXFileReference; lastKnownFileType = folder.assetcatalog; path = Assets.xcassets; sourceTree = "<group>"; };
		AE9BC4141D15E0BB00392254 /* Base */ = {isa = PBXFileReference; lastKnownFileType = file.storyboard; name = Base; path = Base.lproj/Main.storyboard; sourceTree = "<group>"; };
		AE9BC4161D15E0BB00392254 /* Info.plist */ = {isa = PBXFileReference; lastKnownFileType = text.plist.xml; path = Info.plist; sourceTree = "<group>"; };
		AE9BC4201D15E0D700392254 /* Clean Closure.appex */ = {isa = PBXFileReference; explicitFileType = "wrapper.app-extension"; includeInIndex = 0; path = "Clean Closure.appex"; sourceTree = BUILT_PRODUCTS_DIR; };
		AE9BC4221D15E0D700392254 /* Cocoa.framework */ = {isa = PBXFileReference; lastKnownFileType = wrapper.framework; name = Cocoa.framework; path = System/Library/Frameworks/Cocoa.framework; sourceTree = SDKROOT; };
		AE9BC4261D15E0D700392254 /* CleanClosure.entitlements */ = {isa = PBXFileReference; lastKnownFileType = text.xml; path = CleanClosure.entitlements; sourceTree = "<group>"; };
		AE9BC4271D15E0D700392254 /* SourceEditorExtension.swift */ = {isa = PBXFileReference; lastKnownFileType = sourcecode.swift; path = SourceEditorExtension.swift; sourceTree = "<group>"; };
		AE9BC4291D15E0D700392254 /* SourceEditorCommand.swift */ = {isa = PBXFileReference; lastKnownFileType = sourcecode.swift; path = SourceEditorCommand.swift; sourceTree = "<group>"; };
		AE9BC42B1D15E0D700392254 /* Info.plist */ = {isa = PBXFileReference; lastKnownFileType = text.plist.xml; path = Info.plist; sourceTree = "<group>"; };
/* End PBXFileReference section */

/* Begin PBXFrameworksBuildPhase section */
		AE9BC4071D15E0BB00392254 /* Frameworks */ = {
			isa = PBXFrameworksBuildPhase;
			buildActionMask = 2147483647;
			files = (
			);
			runOnlyForDeploymentPostprocessing = 0;
		};
		AE9BC41D1D15E0D700392254 /* Frameworks */ = {
			isa = PBXFrameworksBuildPhase;
			buildActionMask = 2147483647;
			files = (
				AE9BC4231D15E0D700392254 /* Cocoa.framework in Frameworks */,
			);
			runOnlyForDeploymentPostprocessing = 0;
		};
/* End PBXFrameworksBuildPhase section */

/* Begin PBXGroup section */
		AE9BC4011D15E0BB00392254 = {
			isa = PBXGroup;
			children = (
				AE9BC40C1D15E0BB00392254 /* CleanClosure */,
				AE9BC4241D15E0D700392254 /* CleanClosure Extension */,
				AE9BC4211D15E0D700392254 /* Frameworks */,
				AE9BC40B1D15E0BB00392254 /* Products */,
			);
			sourceTree = "<group>";
		};
		AE9BC40B1D15E0BB00392254 /* Products */ = {
			isa = PBXGroup;
			children = (
				AE9BC40A1D15E0BB00392254 /* Demo.app */,
				AE9BC4201D15E0D700392254 /* Clean Closure.appex */,
			);
			name = Products;
			sourceTree = "<group>";
		};
		AE9BC40C1D15E0BB00392254 /* CleanClosure */ = {
			isa = PBXGroup;
			children = (
				AE9BC40D1D15E0BB00392254 /* AppDelegate.swift */,
				AE9BC40F1D15E0BB00392254 /* ViewController.swift */,
				AE9BC4111D15E0BB00392254 /* Assets.xcassets */,
				AE9BC4131D15E0BB00392254 /* Main.storyboard */,
				AE9BC4161D15E0BB00392254 /* Info.plist */,
			);
			name = CleanClosure;
			path = Demo;
			sourceTree = "<group>";
		};
		AE9BC4211D15E0D700392254 /* Frameworks */ = {
			isa = PBXGroup;
			children = (
				AE9BC4221D15E0D700392254 /* Cocoa.framework */,
			);
			name = Frameworks;
			sourceTree = "<group>";
		};
		AE9BC4241D15E0D700392254 /* CleanClosure Extension */ = {
			isa = PBXGroup;
			children = (
				AE9BC4271D15E0D700392254 /* SourceEditorExtension.swift */,
				AE9BC4291D15E0D700392254 /* SourceEditorCommand.swift */,
				AE9BC42B1D15E0D700392254 /* Info.plist */,
				AE9BC4251D15E0D700392254 /* Supporting Files */,
			);
			name = "CleanClosure Extension";
			path = CleanClosure;
			sourceTree = "<group>";
		};
		AE9BC4251D15E0D700392254 /* Supporting Files */ = {
			isa = PBXGroup;
			children = (
				AE9BC4261D15E0D700392254 /* CleanClosure.entitlements */,
			);
			name = "Supporting Files";
			sourceTree = "<group>";
		};
/* End PBXGroup section */

/* Begin PBXNativeTarget section */
		AE9BC4091D15E0BB00392254 /* CleanClosure */ = {
			isa = PBXNativeTarget;
			buildConfigurationList = AE9BC4191D15E0BB00392254 /* Build configuration list for PBXNativeTarget "CleanClosure" */;
			buildPhases = (
				AE9BC4061D15E0BB00392254 /* Sources */,
				AE9BC4071D15E0BB00392254 /* Frameworks */,
				AE9BC4081D15E0BB00392254 /* Resources */,
				AE9BC4321D15E0D700392254 /* Embed App Extensions */,
			);
			buildRules = (
			);
			dependencies = (
				AE9BC42D1D15E0D700392254 /* PBXTargetDependency */,
			);
			name = CleanClosure;
			productName = Demo;
			productReference = AE9BC40A1D15E0BB00392254 /* Demo.app */;
			productType = "com.apple.product-type.application";
		};
		AE9BC41F1D15E0D700392254 /* CleanClosure Extension */ = {
			isa = PBXNativeTarget;
			buildConfigurationList = AE9BC42F1D15E0D700392254 /* Build configuration list for PBXNativeTarget "CleanClosure Extension" */;
			buildPhases = (
				AE9BC41C1D15E0D700392254 /* Sources */,
				AE9BC41D1D15E0D700392254 /* Frameworks */,
				AE9BC41E1D15E0D700392254 /* Resources */,
			);
			buildRules = (
			);
			dependencies = (
			);
			name = "CleanClosure Extension";
			productName = CleanClosure;
			productReference = AE9BC4201D15E0D700392254 /* Clean Closure.appex */;
			productType = "com.apple.product-type.xcode-extension";
		};
/* End PBXNativeTarget section */

/* Begin PBXProject section */
		AE9BC4021D15E0BB00392254 /* Project object */ = {
			isa = PBXProject;
			attributes = {
				LastSwiftUpdateCheck = 0800;
				LastUpgradeCheck = 0800;
				ORGANIZATIONNAME = "Patrick Balestra";
				TargetAttributes = {
					AE9BC4091D15E0BB00392254 = {
						CreatedOnToolsVersion = 8.0;
						DevelopmentTeam = 2EZDW5DVTJ;
						DevelopmentTeamName = "Patrick Balestra";
						ProvisioningStyle = Automatic;
					};
					AE9BC41F1D15E0D700392254 = {
						CreatedOnToolsVersion = 8.0;
						DevelopmentTeam = 2EZDW5DVTJ;
						DevelopmentTeamName = "Patrick Balestra";
						ProvisioningStyle = Automatic;
					};
				};
			};
			buildConfigurationList = AE9BC4051D15E0BB00392254 /* Build configuration list for PBXProject "CleanClosure" */;
			compatibilityVersion = "Xcode 3.2";
			developmentRegion = English;
			hasScannedForEncodings = 0;
			knownRegions = (
				en,
				Base,
			);
			mainGroup = AE9BC4011D15E0BB00392254;
			productRefGroup = AE9BC40B1D15E0BB00392254 /* Products */;
			projectDirPath = "";
			projectRoot = "";
			targets = (
				AE9BC4091D15E0BB00392254 /* CleanClosure */,
				AE9BC41F1D15E0D700392254 /* CleanClosure Extension */,
			);
		};
/* End PBXProject section */

/* Begin PBXResourcesBuildPhase section */
		AE9BC4081D15E0BB00392254 /* Resources */ = {
			isa = PBXResourcesBuildPhase;
			buildActionMask = 2147483647;
			files = (
				AE9BC4121D15E0BB00392254 /* Assets.xcassets in Resources */,
				AE9BC4151D15E0BB00392254 /* Main.storyboard in Resources */,
			);
			runOnlyForDeploymentPostprocessing = 0;
		};
		AE9BC41E1D15E0D700392254 /* Resources */ = {
			isa = PBXResourcesBuildPhase;
			buildActionMask = 2147483647;
			files = (
			);
			runOnlyForDeploymentPostprocessing = 0;
		};
/* End PBXResourcesBuildPhase section */

/* Begin PBXSourcesBuildPhase section */
		AE9BC4061D15E0BB00392254 /* Sources */ = {
			isa = PBXSourcesBuildPhase;
			buildActionMask = 2147483647;
			files = (
				AE9BC4101D15E0BB00392254 /* ViewController.swift in Sources */,
				AE9BC40E1D15E0BB00392254 /* AppDelegate.swift in Sources */,
			);
			runOnlyForDeploymentPostprocessing = 0;
		};
		AE9BC41C1D15E0D700392254 /* Sources */ = {
			isa = PBXSourcesBuildPhase;
			buildActionMask = 2147483647;
			files = (
				AE9BC4281D15E0D700392254 /* SourceEditorExtension.swift in Sources */,
				AE9BC42A1D15E0D700392254 /* SourceEditorCommand.swift in Sources */,
			);
			runOnlyForDeploymentPostprocessing = 0;
		};
/* End PBXSourcesBuildPhase section */

/* Begin PBXTargetDependency section */
		AE9BC42D1D15E0D700392254 /* PBXTargetDependency */ = {
			isa = PBXTargetDependency;
			target = AE9BC41F1D15E0D700392254 /* CleanClosure Extension */;
			targetProxy = AE9BC42C1D15E0D700392254 /* PBXContainerItemProxy */;
		};
/* End PBXTargetDependency section */

/* Begin PBXVariantGroup section */
		AE9BC4131D15E0BB00392254 /* Main.storyboard */ = {
			isa = PBXVariantGroup;
			children = (
				AE9BC4141D15E0BB00392254 /* Base */,
			);
			name = Main.storyboard;
			sourceTree = "<group>";
		};
/* End PBXVariantGroup section */

/* Begin XCBuildConfiguration section */
		AE9BC4171D15E0BB00392254 /* Debug */ = {
			isa = XCBuildConfiguration;
			buildSettings = {
				ALWAYS_SEARCH_USER_PATHS = NO;
				CLANG_ANALYZER_NONNULL = YES;
				CLANG_CXX_LANGUAGE_STANDARD = "gnu++0x";
				CLANG_CXX_LIBRARY = "libc++";
				CLANG_ENABLE_MODULES = YES;
				CLANG_ENABLE_OBJC_ARC = YES;
				CLANG_WARN_BOOL_CONVERSION = YES;
				CLANG_WARN_CONSTANT_CONVERSION = YES;
				CLANG_WARN_DIRECT_OBJC_ISA_USAGE = YES_ERROR;
				CLANG_WARN_DOCUMENTATION_COMMENTS = YES;
				CLANG_WARN_EMPTY_BODY = YES;
				CLANG_WARN_ENUM_CONVERSION = YES;
				CLANG_WARN_INT_CONVERSION = YES;
				CLANG_WARN_OBJC_ROOT_CLASS = YES_ERROR;
				CLANG_WARN_UNREACHABLE_CODE = YES;
				CLANG_WARN__DUPLICATE_METHOD_MATCH = YES;
				CODE_SIGN_IDENTITY = "-";
				COPY_PHASE_STRIP = NO;
				DEBUG_INFORMATION_FORMAT = dwarf;
				ENABLE_STRICT_OBJC_MSGSEND = YES;
				ENABLE_TESTABILITY = YES;
				GCC_C_LANGUAGE_STANDARD = gnu99;
				GCC_DYNAMIC_NO_PIC = NO;
				GCC_NO_COMMON_BLOCKS = YES;
				GCC_OPTIMIZATION_LEVEL = 0;
				GCC_PREPROCESSOR_DEFINITIONS = (
					"DEBUG=1",
					"$(inherited)",
				);
				GCC_WARN_64_TO_32_BIT_CONVERSION = YES;
				GCC_WARN_ABOUT_RETURN_TYPE = YES_ERROR;
				GCC_WARN_UNDECLARED_SELECTOR = YES;
				GCC_WARN_UNINITIALIZED_AUTOS = YES_AGGRESSIVE;
				GCC_WARN_UNUSED_FUNCTION = YES;
				GCC_WARN_UNUSED_VARIABLE = YES;
				MACOSX_DEPLOYMENT_TARGET = 10.11;
				MTL_ENABLE_DEBUG_INFO = YES;
				ONLY_ACTIVE_ARCH = YES;
				SDKROOT = macosx;
				SWIFT_ACTIVE_COMPILATION_CONDITIONS = DEBUG;
				SWIFT_OPTIMIZATION_LEVEL = "-Onone";
			};
			name = Debug;
		};
		AE9BC4181D15E0BB00392254 /* Release */ = {
			isa = XCBuildConfiguration;
			buildSettings = {
				ALWAYS_SEARCH_USER_PATHS = NO;
				CLANG_ANALYZER_NONNULL = YES;
				CLANG_CXX_LANGUAGE_STANDARD = "gnu++0x";
				CLANG_CXX_LIBRARY = "libc++";
				CLANG_ENABLE_MODULES = YES;
				CLANG_ENABLE_OBJC_ARC = YES;
				CLANG_WARN_BOOL_CONVERSION = YES;
				CLANG_WARN_CONSTANT_CONVERSION = YES;
				CLANG_WARN_DIRECT_OBJC_ISA_USAGE = YES_ERROR;
				CLANG_WARN_DOCUMENTATION_COMMENTS = YES;
				CLANG_WARN_EMPTY_BODY = YES;
				CLANG_WARN_ENUM_CONVERSION = YES;
				CLANG_WARN_INT_CONVERSION = YES;
				CLANG_WARN_OBJC_ROOT_CLASS = YES_ERROR;
				CLANG_WARN_UNREACHABLE_CODE = YES;
				CLANG_WARN__DUPLICATE_METHOD_MATCH = YES;
				CODE_SIGN_IDENTITY = "-";
				COPY_PHASE_STRIP = NO;
				DEBUG_INFORMATION_FORMAT = "dwarf-with-dsym";
				ENABLE_NS_ASSERTIONS = NO;
				ENABLE_STRICT_OBJC_MSGSEND = YES;
				GCC_C_LANGUAGE_STANDARD = gnu99;
				GCC_NO_COMMON_BLOCKS = YES;
				GCC_WARN_64_TO_32_BIT_CONVERSION = YES;
				GCC_WARN_ABOUT_RETURN_TYPE = YES_ERROR;
				GCC_WARN_UNDECLARED_SELECTOR = YES;
				GCC_WARN_UNINITIALIZED_AUTOS = YES_AGGRESSIVE;
				GCC_WARN_UNUSED_FUNCTION = YES;
				GCC_WARN_UNUSED_VARIABLE = YES;
				MACOSX_DEPLOYMENT_TARGET = 10.11;
				MTL_ENABLE_DEBUG_INFO = NO;
				SDKROOT = macosx;
				SWIFT_OPTIMIZATION_LEVEL = "-Owholemodule";
			};
			name = Release;
		};
		AE9BC41A1D15E0BB00392254 /* Debug */ = {
			isa = XCBuildConfiguration;
			buildSettings = {
				ALWAYS_EMBED_SWIFT_STANDARD_LIBRARIES = YES;
				ASSETCATALOG_COMPILER_APPICON_NAME = AppIcon;
				COMBINE_HIDPI_IMAGES = YES;
				INFOPLIST_FILE = Demo/Info.plist;
				LD_RUNPATH_SEARCH_PATHS = "$(inherited) @executable_path/../Frameworks";
				PRODUCT_BUNDLE_IDENTIFIER = com.patrickbalestra.Demo;
				PRODUCT_NAME = "$(TARGET_NAME)";
				SWIFT_VERSION = 3.0;
			};
			name = Debug;
		};
		AE9BC41B1D15E0BB00392254 /* Release */ = {
			isa = XCBuildConfiguration;
			buildSettings = {
				ALWAYS_EMBED_SWIFT_STANDARD_LIBRARIES = YES;
				ASSETCATALOG_COMPILER_APPICON_NAME = AppIcon;
				COMBINE_HIDPI_IMAGES = YES;
				INFOPLIST_FILE = Demo/Info.plist;
				LD_RUNPATH_SEARCH_PATHS = "$(inherited) @executable_path/../Frameworks";
				PRODUCT_BUNDLE_IDENTIFIER = com.patrickbalestra.Demo;
				PRODUCT_NAME = "$(TARGET_NAME)";
				SWIFT_VERSION = 3.0;
			};
			name = Release;
		};
		AE9BC4301D15E0D700392254 /* Debug */ = {
			isa = XCBuildConfiguration;
			buildSettings = {
				CODE_SIGN_ENTITLEMENTS = CleanClosure/CleanClosure.entitlements;
				COMBINE_HIDPI_IMAGES = YES;
				INFOPLIST_FILE = CleanClosure/Info.plist;
				LD_RUNPATH_SEARCH_PATHS = "$(inherited) @executable_path/../Frameworks @executable_path/../../../../Frameworks";
				MACOSX_DEPLOYMENT_TARGET = 10.11;
				PRODUCT_BUNDLE_IDENTIFIER = com.patrickbalestra.Demo.CleanClosure;
				PRODUCT_NAME = "Clean Closure";
				SKIP_INSTALL = YES;
				SWIFT_VERSION = 3.0;
			};
			name = Debug;
		};
		AE9BC4311D15E0D700392254 /* Release */ = {
			isa = XCBuildConfiguration;
			buildSettings = {
				CODE_SIGN_ENTITLEMENTS = CleanClosure/CleanClosure.entitlements;
				COMBINE_HIDPI_IMAGES = YES;
				INFOPLIST_FILE = CleanClosure/Info.plist;
				LD_RUNPATH_SEARCH_PATHS = "$(inherited) @executable_path/../Frameworks @executable_path/../../../../Frameworks";
				MACOSX_DEPLOYMENT_TARGET = 10.11;
				PRODUCT_BUNDLE_IDENTIFIER = com.patrickbalestra.Demo.CleanClosure;
				PRODUCT_NAME = "Clean Closure";
				SKIP_INSTALL = YES;
				SWIFT_VERSION = 3.0;
			};
			name = Release;
		};
/* End XCBuildConfiguration section */

/* Begin XCConfigurationList section */
		AE9BC4051D15E0BB00392254 /* Build configuration list for PBXProject "CleanClosure" */ = {
			isa = XCConfigurationList;
			buildConfigurations = (
				AE9BC4171D15E0BB00392254 /* Debug */,
				AE9BC4181D15E0BB00392254 /* Release */,
			);
			defaultConfigurationIsVisible = 0;
			defaultConfigurationName = Release;
		};
		AE9BC4191D15E0BB00392254 /* Build configuration list for PBXNativeTarget "CleanClosure" */ = {
			isa = XCConfigurationList;
			buildConfigurations = (
				AE9BC41A1D15E0BB00392254 /* Debug */,
				AE9BC41B1D15E0BB00392254 /* Release */,
			);
			defaultConfigurationIsVisible = 0;
			defaultConfigurationName = Release;
		};
		AE9BC42F1D15E0D700392254 /* Build configuration list for PBXNativeTarget "CleanClosure Extension" */ = {
			isa = XCConfigurationList;
			buildConfigurations = (
				AE9BC4301D15E0D700392254 /* Debug */,
				AE9BC4311D15E0D700392254 /* Release */,
			);
			defaultConfigurationIsVisible = 0;
			defaultConfigurationName = Release;
		};
/* End XCConfigurationList section */
	};
	rootObject = AE9BC4021D15E0BB00392254 /* Project object */;
}
