// !$*UTF8*$!
{
	archiveVersion = 1;
	classes = {
	};
	objectVersion = 46;
	objects = {

/* Begin PBXBuildFile section */
		AE2862D61D25568D00219753 /* AppDelegate.swift in Sources */ = {isa = PBXBuildFile; fileRef = AE2862D51D25568D00219753 /* AppDelegate.swift */; };
		AE2862D81D25568D00219753 /* ViewController.swift in Sources */ = {isa = PBXBuildFile; fileRef = AE2862D71D25568D00219753 /* ViewController.swift */; };
		AE2862DA1D25568D00219753 /* Assets.xcassets in Resources */ = {isa = PBXBuildFile; fileRef = AE2862D91D25568D00219753 /* Assets.xcassets */; };
		AE2862DD1D25568D00219753 /* Main.storyboard in Resources */ = {isa = PBXBuildFile; fileRef = AE2862DB1D25568D00219753 /* Main.storyboard */; };
		AE2862EB1D2556DE00219753 /* Cocoa.framework in Frameworks */ = {isa = PBXBuildFile; fileRef = AE2862EA1D2556DE00219753 /* Cocoa.framework */; };
		AE2862F01D2556DE00219753 /* SourceEditorExtension.swift in Sources */ = {isa = PBXBuildFile; fileRef = AE2862EF1D2556DE00219753 /* SourceEditorExtension.swift */; };
		AE2862F21D2556DE00219753 /* SourceEditorCommand.swift in Sources */ = {isa = PBXBuildFile; fileRef = AE2862F11D2556DE00219753 /* SourceEditorCommand.swift */; };
		AE2862F61D2556DE00219753 /* Cleaner.appex in Embed App Extensions */ = {isa = PBXBuildFile; fileRef = AE2862E81D2556DE00219753 /* Cleaner.appex */; settings = {ATTRIBUTES = (RemoveHeadersOnCopy, ); }; };
/* End PBXBuildFile section */

/* Begin PBXContainerItemProxy section */
		AE2862F41D2556DE00219753 /* PBXContainerItemProxy */ = {
			isa = PBXContainerItemProxy;
			containerPortal = AE2862CA1D25568D00219753 /* Project object */;
			proxyType = 1;
			remoteGlobalIDString = AE2862E71D2556DE00219753;
			remoteInfo = Cleaner;
		};
/* End PBXContainerItemProxy section */

/* Begin PBXCopyFilesBuildPhase section */
		AE2862FA1D2556DE00219753 /* Embed App Extensions */ = {
			isa = PBXCopyFilesBuildPhase;
			buildActionMask = 2147483647;
			dstPath = "";
			dstSubfolderSpec = 13;
			files = (
				AE2862F61D2556DE00219753 /* Cleaner.appex in Embed App Extensions */,
			);
			name = "Embed App Extensions";
			runOnlyForDeploymentPostprocessing = 0;
		};
/* End PBXCopyFilesBuildPhase section */

/* Begin PBXFileReference section */
		AE2862D21D25568D00219753 /* CleanClosureSyntax.app */ = {isa = PBXFileReference; explicitFileType = wrapper.application; includeInIndex = 0; path = CleanClosureSyntax.app; sourceTree = BUILT_PRODUCTS_DIR; };
		AE2862D51D25568D00219753 /* AppDelegate.swift */ = {isa = PBXFileReference; lastKnownFileType = sourcecode.swift; path = AppDelegate.swift; sourceTree = "<group>"; };
		AE2862D71D25568D00219753 /* ViewController.swift */ = {isa = PBXFileReference; lastKnownFileType = sourcecode.swift; path = ViewController.swift; sourceTree = "<group>"; };
		AE2862D91D25568D00219753 /* Assets.xcassets */ = {isa = PBXFileReference; lastKnownFileType = folder.assetcatalog; path = Assets.xcassets; sourceTree = "<group>"; };
		AE2862DC1D25568D00219753 /* Base */ = {isa = PBXFileReference; lastKnownFileType = file.storyboard; name = Base; path = Base.lproj/Main.storyboard; sourceTree = "<group>"; };
		AE2862DE1D25568D00219753 /* Info.plist */ = {isa = PBXFileReference; lastKnownFileType = text.plist.xml; path = Info.plist; sourceTree = "<group>"; };
		AE2862E81D2556DE00219753 /* Cleaner.appex */ = {isa = PBXFileReference; explicitFileType = "wrapper.app-extension"; includeInIndex = 0; path = Cleaner.appex; sourceTree = BUILT_PRODUCTS_DIR; };
		AE2862EA1D2556DE00219753 /* Cocoa.framework */ = {isa = PBXFileReference; lastKnownFileType = wrapper.framework; name = Cocoa.framework; path = System/Library/Frameworks/Cocoa.framework; sourceTree = SDKROOT; };
		AE2862EE1D2556DE00219753 /* Cleaner.entitlements */ = {isa = PBXFileReference; lastKnownFileType = text.xml; path = Cleaner.entitlements; sourceTree = "<group>"; };
		AE2862EF1D2556DE00219753 /* SourceEditorExtension.swift */ = {isa = PBXFileReference; lastKnownFileType = sourcecode.swift; path = SourceEditorExtension.swift; sourceTree = "<group>"; };
		AE2862F11D2556DE00219753 /* SourceEditorCommand.swift */ = {isa = PBXFileReference; lastKnownFileType = sourcecode.swift; path = SourceEditorCommand.swift; sourceTree = "<group>"; };
		AE2862F31D2556DE00219753 /* Info.plist */ = {isa = PBXFileReference; lastKnownFileType = text.plist.xml; path = Info.plist; sourceTree = "<group>"; };
/* End PBXFileReference section */

/* Begin PBXFrameworksBuildPhase section */
		AE2862CF1D25568D00219753 /* Frameworks */ = {
			isa = PBXFrameworksBuildPhase;
			buildActionMask = 2147483647;
			files = (
			);
			runOnlyForDeploymentPostprocessing = 0;
		};
		AE2862E51D2556DE00219753 /* Frameworks */ = {
			isa = PBXFrameworksBuildPhase;
			buildActionMask = 2147483647;
			files = (
				AE2862EB1D2556DE00219753 /* Cocoa.framework in Frameworks */,
			);
			runOnlyForDeploymentPostprocessing = 0;
		};
/* End PBXFrameworksBuildPhase section */

/* Begin PBXGroup section */
		AE2862C91D25568D00219753 = {
			isa = PBXGroup;
			children = (
				AE2862D41D25568D00219753 /* CleanClosureSyntax */,
				AE2862EC1D2556DE00219753 /* Cleaner */,
				AE2862E91D2556DE00219753 /* Frameworks */,
				AE2862D31D25568D00219753 /* Products */,
			);
			sourceTree = "<group>";
		};
		AE2862D31D25568D00219753 /* Products */ = {
			isa = PBXGroup;
			children = (
				AE2862D21D25568D00219753 /* CleanClosureSyntax.app */,
				AE2862E81D2556DE00219753 /* Cleaner.appex */,
			);
			name = Products;
			sourceTree = "<group>";
		};
		AE2862D41D25568D00219753 /* CleanClosureSyntax */ = {
			isa = PBXGroup;
			children = (
				AE2862D51D25568D00219753 /* AppDelegate.swift */,
				AE2862D71D25568D00219753 /* ViewController.swift */,
				AE2862D91D25568D00219753 /* Assets.xcassets */,
				AE2862DB1D25568D00219753 /* Main.storyboard */,
				AE2862DE1D25568D00219753 /* Info.plist */,
			);
			path = CleanClosureSyntax;
			sourceTree = "<group>";
		};
		AE2862E91D2556DE00219753 /* Frameworks */ = {
			isa = PBXGroup;
			children = (
				AE2862EA1D2556DE00219753 /* Cocoa.framework */,
			);
			name = Frameworks;
			sourceTree = "<group>";
		};
		AE2862EC1D2556DE00219753 /* Cleaner */ = {
			isa = PBXGroup;
			children = (
				AE2862EF1D2556DE00219753 /* SourceEditorExtension.swift */,
				AE2862F11D2556DE00219753 /* SourceEditorCommand.swift */,
				AE2862F31D2556DE00219753 /* Info.plist */,
				AE2862ED1D2556DE00219753 /* Supporting Files */,
			);
			path = Cleaner;
			sourceTree = "<group>";
		};
		AE2862ED1D2556DE00219753 /* Supporting Files */ = {
			isa = PBXGroup;
			children = (
				AE2862EE1D2556DE00219753 /* Cleaner.entitlements */,
			);
			name = "Supporting Files";
			sourceTree = "<group>";
		};
/* End PBXGroup section */

/* Begin PBXNativeTarget section */
		AE2862D11D25568D00219753 /* CleanClosureSyntax */ = {
			isa = PBXNativeTarget;
			buildConfigurationList = AE2862E11D25568D00219753 /* Build configuration list for PBXNativeTarget "CleanClosureSyntax" */;
			buildPhases = (
				AE2862CE1D25568D00219753 /* Sources */,
				AE2862CF1D25568D00219753 /* Frameworks */,
				AE2862D01D25568D00219753 /* Resources */,
				AE2862FA1D2556DE00219753 /* Embed App Extensions */,
			);
			buildRules = (
			);
			dependencies = (
				AE2862F51D2556DE00219753 /* PBXTargetDependency */,
			);
			name = CleanClosureSyntax;
			productName = CleanClosureSyntax;
			productReference = AE2862D21D25568D00219753 /* CleanClosureSyntax.app */;
			productType = "com.apple.product-type.application";
		};
		AE2862E71D2556DE00219753 /* Cleaner */ = {
			isa = PBXNativeTarget;
			buildConfigurationList = AE2862F71D2556DE00219753 /* Build configuration list for PBXNativeTarget "Cleaner" */;
			buildPhases = (
				AE2862E41D2556DE00219753 /* Sources */,
				AE2862E51D2556DE00219753 /* Frameworks */,
				AE2862E61D2556DE00219753 /* Resources */,
			);
			buildRules = (
			);
			dependencies = (
			);
			name = Cleaner;
			productName = Cleaner;
			productReference = AE2862E81D2556DE00219753 /* Cleaner.appex */;
			productType = "com.apple.product-type.xcode-extension";
		};
/* End PBXNativeTarget section */

/* Begin PBXProject section */
		AE2862CA1D25568D00219753 /* Project object */ = {
			isa = PBXProject;
			attributes = {
				LastSwiftUpdateCheck = 0800;
				LastUpgradeCheck = 0800;
				ORGANIZATIONNAME = "Patrick Balestra";
				TargetAttributes = {
					AE2862D11D25568D00219753 = {
						CreatedOnToolsVersion = 8.0;
						DevelopmentTeam = 2EZDW5DVTJ;
						DevelopmentTeamName = "Patrick Balestra";
						ProvisioningStyle = Automatic;
					};
					AE2862E71D2556DE00219753 = {
						CreatedOnToolsVersion = 8.0;
						DevelopmentTeam = 2EZDW5DVTJ;
						DevelopmentTeamName = "Patrick Balestra";
						ProvisioningStyle = Automatic;
					};
				};
			};
			buildConfigurationList = AE2862CD1D25568D00219753 /* Build configuration list for PBXProject "CleanClosureSyntax" */;
			compatibilityVersion = "Xcode 3.2";
			developmentRegion = English;
			hasScannedForEncodings = 0;
			knownRegions = (
				en,
				Base,
			);
			mainGroup = AE2862C91D25568D00219753;
			productRefGroup = AE2862D31D25568D00219753 /* Products */;
			projectDirPath = "";
			projectRoot = "";
			targets = (
				AE2862D11D25568D00219753 /* CleanClosureSyntax */,
				AE2862E71D2556DE00219753 /* Cleaner */,
			);
		};
/* End PBXProject section */

/* Begin PBXResourcesBuildPhase section */
		AE2862D01D25568D00219753 /* Resources */ = {
			isa = PBXResourcesBuildPhase;
			buildActionMask = 2147483647;
			files = (
				AE2862DA1D25568D00219753 /* Assets.xcassets in Resources */,
				AE2862DD1D25568D00219753 /* Main.storyboard in Resources */,
			);
			runOnlyForDeploymentPostprocessing = 0;
		};
		AE2862E61D2556DE00219753 /* Resources */ = {
			isa = PBXResourcesBuildPhase;
			buildActionMask = 2147483647;
			files = (
			);
			runOnlyForDeploymentPostprocessing = 0;
		};
/* End PBXResourcesBuildPhase section */

/* Begin PBXSourcesBuildPhase section */
		AE2862CE1D25568D00219753 /* Sources */ = {
			isa = PBXSourcesBuildPhase;
			buildActionMask = 2147483647;
			files = (
				AE2862D81D25568D00219753 /* ViewController.swift in Sources */,
				AE2862D61D25568D00219753 /* AppDelegate.swift in Sources */,
			);
			runOnlyForDeploymentPostprocessing = 0;
		};
		AE2862E41D2556DE00219753 /* Sources */ = {
			isa = PBXSourcesBuildPhase;
			buildActionMask = 2147483647;
			files = (
				AE2862F01D2556DE00219753 /* SourceEditorExtension.swift in Sources */,
				AE2862F21D2556DE00219753 /* SourceEditorCommand.swift in Sources */,
			);
			runOnlyForDeploymentPostprocessing = 0;
		};
/* End PBXSourcesBuildPhase section */

/* Begin PBXTargetDependency section */
		AE2862F51D2556DE00219753 /* PBXTargetDependency */ = {
			isa = PBXTargetDependency;
			target = AE2862E71D2556DE00219753 /* Cleaner */;
			targetProxy = AE2862F41D2556DE00219753 /* PBXContainerItemProxy */;
		};
/* End PBXTargetDependency section */

/* Begin PBXVariantGroup section */
		AE2862DB1D25568D00219753 /* Main.storyboard */ = {
			isa = PBXVariantGroup;
			children = (
				AE2862DC1D25568D00219753 /* Base */,
			);
			name = Main.storyboard;
			sourceTree = "<group>";
		};
/* End PBXVariantGroup section */

/* Begin XCBuildConfiguration section */
		AE2862DF1D25568D00219753 /* Debug */ = {
			isa = XCBuildConfiguration;
			buildSettings = {
				ALWAYS_SEARCH_USER_PATHS = NO;
				CLANG_ANALYZER_NONNULL = YES;
				CLANG_CXX_LANGUAGE_STANDARD = "gnu++0x";
				CLANG_CXX_LIBRARY = "libc++";
				CLANG_ENABLE_MODULES = YES;
				CLANG_ENABLE_OBJC_ARC = YES;
				CLANG_WARN_BOOL_CONVERSION = YES;
				CLANG_WARN_CONSTANT_CONVERSION = YES;
				CLANG_WARN_DIRECT_OBJC_ISA_USAGE = YES_ERROR;
				CLANG_WARN_DOCUMENTATION_COMMENTS = YES;
				CLANG_WARN_EMPTY_BODY = YES;
				CLANG_WARN_ENUM_CONVERSION = YES;
				CLANG_WARN_INT_CONVERSION = YES;
				CLANG_WARN_OBJC_ROOT_CLASS = YES_ERROR;
				CLANG_WARN_UNREACHABLE_CODE = YES;
				CLANG_WARN__DUPLICATE_METHOD_MATCH = YES;
				CODE_SIGN_IDENTITY = "-";
				COPY_PHASE_STRIP = NO;
				DEBUG_INFORMATION_FORMAT = dwarf;
				ENABLE_STRICT_OBJC_MSGSEND = YES;
				ENABLE_TESTABILITY = YES;
				GCC_C_LANGUAGE_STANDARD = gnu99;
				GCC_DYNAMIC_NO_PIC = NO;
				GCC_NO_COMMON_BLOCKS = YES;
				GCC_OPTIMIZATION_LEVEL = 0;
				GCC_PREPROCESSOR_DEFINITIONS = (
					"DEBUG=1",
					"$(inherited)",
				);
				GCC_WARN_64_TO_32_BIT_CONVERSION = YES;
				GCC_WARN_ABOUT_RETURN_TYPE = YES_ERROR;
				GCC_WARN_UNDECLARED_SELECTOR = YES;
				GCC_WARN_UNINITIALIZED_AUTOS = YES_AGGRESSIVE;
				GCC_WARN_UNUSED_FUNCTION = YES;
				GCC_WARN_UNUSED_VARIABLE = YES;
				MACOSX_DEPLOYMENT_TARGET = 10.11;
				MTL_ENABLE_DEBUG_INFO = YES;
				ONLY_ACTIVE_ARCH = YES;
				SDKROOT = macosx;
				SWIFT_ACTIVE_COMPILATION_CONDITIONS = DEBUG;
				SWIFT_OPTIMIZATION_LEVEL = "-Onone";
			};
			name = Debug;
		};
		AE2862E01D25568D00219753 /* Release */ = {
			isa = XCBuildConfiguration;
			buildSettings = {
				ALWAYS_SEARCH_USER_PATHS = NO;
				CLANG_ANALYZER_NONNULL = YES;
				CLANG_CXX_LANGUAGE_STANDARD = "gnu++0x";
				CLANG_CXX_LIBRARY = "libc++";
				CLANG_ENABLE_MODULES = YES;
				CLANG_ENABLE_OBJC_ARC = YES;
				CLANG_WARN_BOOL_CONVERSION = YES;
				CLANG_WARN_CONSTANT_CONVERSION = YES;
				CLANG_WARN_DIRECT_OBJC_ISA_USAGE = YES_ERROR;
				CLANG_WARN_DOCUMENTATION_COMMENTS = YES;
				CLANG_WARN_EMPTY_BODY = YES;
				CLANG_WARN_ENUM_CONVERSION = YES;
				CLANG_WARN_INT_CONVERSION = YES;
				CLANG_WARN_OBJC_ROOT_CLASS = YES_ERROR;
				CLANG_WARN_UNREACHABLE_CODE = YES;
				CLANG_WARN__DUPLICATE_METHOD_MATCH = YES;
				CODE_SIGN_IDENTITY = "-";
				COPY_PHASE_STRIP = NO;
				DEBUG_INFORMATION_FORMAT = "dwarf-with-dsym";
				ENABLE_NS_ASSERTIONS = NO;
				ENABLE_STRICT_OBJC_MSGSEND = YES;
				GCC_C_LANGUAGE_STANDARD = gnu99;
				GCC_NO_COMMON_BLOCKS = YES;
				GCC_WARN_64_TO_32_BIT_CONVERSION = YES;
				GCC_WARN_ABOUT_RETURN_TYPE = YES_ERROR;
				GCC_WARN_UNDECLARED_SELECTOR = YES;
				GCC_WARN_UNINITIALIZED_AUTOS = YES_AGGRESSIVE;
				GCC_WARN_UNUSED_FUNCTION = YES;
				GCC_WARN_UNUSED_VARIABLE = YES;
				MACOSX_DEPLOYMENT_TARGET = 10.11;
				MTL_ENABLE_DEBUG_INFO = NO;
				SDKROOT = macosx;
				SWIFT_OPTIMIZATION_LEVEL = "-Owholemodule";
			};
			name = Release;
		};
		AE2862E21D25568D00219753 /* Debug */ = {
			isa = XCBuildConfiguration;
			buildSettings = {
				ALWAYS_EMBED_SWIFT_STANDARD_LIBRARIES = YES;
				ASSETCATALOG_COMPILER_APPICON_NAME = AppIcon;
				CODE_SIGN_IDENTITY = "Mac Developer";
				COMBINE_HIDPI_IMAGES = YES;
				INFOPLIST_FILE = CleanClosureSyntax/Info.plist;
				LD_RUNPATH_SEARCH_PATHS = "$(inherited) @executable_path/../Frameworks";
				PRODUCT_BUNDLE_IDENTIFIER = com.patrickbalestra.CleanClosureSyntax;
				PRODUCT_NAME = "$(TARGET_NAME)";
				SWIFT_VERSION = 3.0;
			};
			name = Debug;
		};
		AE2862E31D25568D00219753 /* Release */ = {
			isa = XCBuildConfiguration;
			buildSettings = {
				ALWAYS_EMBED_SWIFT_STANDARD_LIBRARIES = YES;
				ASSETCATALOG_COMPILER_APPICON_NAME = AppIcon;
				CODE_SIGN_IDENTITY = "Mac Developer";
				COMBINE_HIDPI_IMAGES = YES;
				INFOPLIST_FILE = CleanClosureSyntax/Info.plist;
				LD_RUNPATH_SEARCH_PATHS = "$(inherited) @executable_path/../Frameworks";
				PRODUCT_BUNDLE_IDENTIFIER = com.patrickbalestra.CleanClosureSyntax;
				PRODUCT_NAME = "$(TARGET_NAME)";
				SWIFT_VERSION = 3.0;
			};
			name = Release;
		};
		AE2862F81D2556DE00219753 /* Debug */ = {
			isa = XCBuildConfiguration;
			buildSettings = {
				CODE_SIGN_ENTITLEMENTS = Cleaner/Cleaner.entitlements;
				CODE_SIGN_IDENTITY = "Mac Developer";
				COMBINE_HIDPI_IMAGES = YES;
				INFOPLIST_FILE = Cleaner/Info.plist;
				LD_RUNPATH_SEARCH_PATHS = "$(inherited) @executable_path/../Frameworks @executable_path/../../../../Frameworks";
				MACOSX_DEPLOYMENT_TARGET = 10.11;
				PRODUCT_BUNDLE_IDENTIFIER = com.patrickbalestra.CleanClosureSyntax.Cleaner;
				PRODUCT_NAME = "$(TARGET_NAME)";
				SKIP_INSTALL = YES;
				SWIFT_VERSION = 3.0;
			};
			name = Debug;
		};
		AE2862F91D2556DE00219753 /* Release */ = {
			isa = XCBuildConfiguration;
			buildSettings = {
				CODE_SIGN_ENTITLEMENTS = Cleaner/Cleaner.entitlements;
				CODE_SIGN_IDENTITY = "Mac Developer";
				COMBINE_HIDPI_IMAGES = YES;
				INFOPLIST_FILE = Cleaner/Info.plist;
				LD_RUNPATH_SEARCH_PATHS = "$(inherited) @executable_path/../Frameworks @executable_path/../../../../Frameworks";
				MACOSX_DEPLOYMENT_TARGET = 10.11;
				PRODUCT_BUNDLE_IDENTIFIER = com.patrickbalestra.CleanClosureSyntax.Cleaner;
				PRODUCT_NAME = "$(TARGET_NAME)";
				SKIP_INSTALL = YES;
				SWIFT_VERSION = 3.0;
			};
			name = Release;
		};
/* End XCBuildConfiguration section */

/* Begin XCConfigurationList section */
		AE2862CD1D25568D00219753 /* Build configuration list for PBXProject "CleanClosureSyntax" */ = {
			isa = XCConfigurationList;
			buildConfigurations = (
				AE2862DF1D25568D00219753 /* Debug */,
				AE2862E01D25568D00219753 /* Release */,
			);
			defaultConfigurationIsVisible = 0;
			defaultConfigurationName = Release;
		};
		AE2862E11D25568D00219753 /* Build configuration list for PBXNativeTarget "CleanClosureSyntax" */ = {
			isa = XCConfigurationList;
			buildConfigurations = (
				AE2862E21D25568D00219753 /* Debug */,
				AE2862E31D25568D00219753 /* Release */,
			);
			defaultConfigurationIsVisible = 0;
			defaultConfigurationName = Release;
		};
		AE2862F71D2556DE00219753 /* Build configuration list for PBXNativeTarget "Cleaner" */ = {
			isa = XCConfigurationList;
			buildConfigurations = (
				AE2862F81D2556DE00219753 /* Debug */,
				AE2862F91D2556DE00219753 /* Release */,
			);
			defaultConfigurationIsVisible = 0;
			defaultConfigurationName = Release;
		};
/* End XCConfigurationList section */
	};
	rootObject = AE2862CA1D25568D00219753 /* Project object */;
}
